// !$*UTF8*$!
{
	archiveVersion = 1;
	classes = {
	};
	objectVersion = 55;
	objects = {

/* Begin PBXBuildFile section */
		09D03D2A2939C7890009C5F3 /* KifExampleApp.swift in Sources */ = {isa = PBXBuildFile; fileRef = 09D03D292939C7890009C5F3 /* KifExampleApp.swift */; };
		09D03D2C2939C7890009C5F3 /* ContentView.swift in Sources */ = {isa = PBXBuildFile; fileRef = 09D03D2B2939C7890009C5F3 /* ContentView.swift */; };
		09D03D2E2939C78C0009C5F3 /* Assets.xcassets in Resources */ = {isa = PBXBuildFile; fileRef = 09D03D2D2939C78C0009C5F3 /* Assets.xcassets */; };
		09D03D312939C78C0009C5F3 /* Preview Assets.xcassets in Resources */ = {isa = PBXBuildFile; fileRef = 09D03D302939C78C0009C5F3 /* Preview Assets.xcassets */; };
		09D03D3B2939C78C0009C5F3 /* KifExampleTests.swift in Sources */ = {isa = PBXBuildFile; fileRef = 09D03D3A2939C78C0009C5F3 /* KifExampleTests.swift */; };
		09D03D452939C78C0009C5F3 /* KifExampleUITests.swift in Sources */ = {isa = PBXBuildFile; fileRef = 09D03D442939C78C0009C5F3 /* KifExampleUITests.swift */; };
		09D03D472939C78C0009C5F3 /* KifExampleUITestsLaunchTests.swift in Sources */ = {isa = PBXBuildFile; fileRef = 09D03D462939C78C0009C5F3 /* KifExampleUITestsLaunchTests.swift */; };
		09D03D542939CE8E0009C5F3 /* UISpec.swift in Sources */ = {isa = PBXBuildFile; fileRef = 09D03D532939CE8E0009C5F3 /* UISpec.swift */; };
		09D03D592939D3140009C5F3 /* KIF+.swift in Sources */ = {isa = PBXBuildFile; fileRef = 09D03D582939D3140009C5F3 /* KIF+.swift */; };
		09D03D5A2939D35B0009C5F3 /* KIF+.swift in Sources */ = {isa = PBXBuildFile; fileRef = 09D03D582939D3140009C5F3 /* KIF+.swift */; };
		109FB5623B3FEA50E3F25F55 /* Pods_KifExampleTests.framework in Frameworks */ = {isa = PBXBuildFile; fileRef = 8B3A7810C25E69577A44E42A /* Pods_KifExampleTests.framework */; };
		1613A25F0F78ECEE76B06FDD /* Pods_KifExample_KifExampleUITests.framework in Frameworks */ = {isa = PBXBuildFile; fileRef = D5B65EA8A16662ED5064A612 /* Pods_KifExample_KifExampleUITests.framework */; };
		8F025B99B5725E7EB873D564 /* Pods_KifExample.framework in Frameworks */ = {isa = PBXBuildFile; fileRef = D2D1D00AD475F6396661A544 /* Pods_KifExample.framework */; };
/* End PBXBuildFile section */

/* Begin PBXContainerItemProxy section */
		09D03D372939C78C0009C5F3 /* PBXContainerItemProxy */ = {
			isa = PBXContainerItemProxy;
			containerPortal = 09D03D1E2939C7890009C5F3 /* Project object */;
			proxyType = 1;
			remoteGlobalIDString = 09D03D252939C7890009C5F3;
			remoteInfo = KifExample;
		};
		09D03D412939C78C0009C5F3 /* PBXContainerItemProxy */ = {
			isa = PBXContainerItemProxy;
			containerPortal = 09D03D1E2939C7890009C5F3 /* Project object */;
			proxyType = 1;
			remoteGlobalIDString = 09D03D252939C7890009C5F3;
			remoteInfo = KifExample;
		};
/* End PBXContainerItemProxy section */

/* Begin PBXFileReference section */
		09D03D262939C7890009C5F3 /* KifExample.app */ = {isa = PBXFileReference; explicitFileType = wrapper.application; includeInIndex = 0; path = KifExample.app; sourceTree = BUILT_PRODUCTS_DIR; };
		09D03D292939C7890009C5F3 /* KifExampleApp.swift */ = {isa = PBXFileReference; lastKnownFileType = sourcecode.swift; path = KifExampleApp.swift; sourceTree = "<group>"; };
		09D03D2B2939C7890009C5F3 /* ContentView.swift */ = {isa = PBXFileReference; lastKnownFileType = sourcecode.swift; path = ContentView.swift; sourceTree = "<group>"; };
		09D03D2D2939C78C0009C5F3 /* Assets.xcassets */ = {isa = PBXFileReference; lastKnownFileType = folder.assetcatalog; path = Assets.xcassets; sourceTree = "<group>"; };
		09D03D302939C78C0009C5F3 /* Preview Assets.xcassets */ = {isa = PBXFileReference; lastKnownFileType = folder.assetcatalog; path = "Preview Assets.xcassets"; sourceTree = "<group>"; };
		09D03D362939C78C0009C5F3 /* KifExampleTests.xctest */ = {isa = PBXFileReference; explicitFileType = wrapper.cfbundle; includeInIndex = 0; path = KifExampleTests.xctest; sourceTree = BUILT_PRODUCTS_DIR; };
		09D03D3A2939C78C0009C5F3 /* KifExampleTests.swift */ = {isa = PBXFileReference; lastKnownFileType = sourcecode.swift; path = KifExampleTests.swift; sourceTree = "<group>"; };
		09D03D402939C78C0009C5F3 /* KifExampleUITests.xctest */ = {isa = PBXFileReference; explicitFileType = wrapper.cfbundle; includeInIndex = 0; path = KifExampleUITests.xctest; sourceTree = BUILT_PRODUCTS_DIR; };
		09D03D442939C78C0009C5F3 /* KifExampleUITests.swift */ = {isa = PBXFileReference; lastKnownFileType = sourcecode.swift; path = KifExampleUITests.swift; sourceTree = "<group>"; };
		09D03D462939C78C0009C5F3 /* KifExampleUITestsLaunchTests.swift */ = {isa = PBXFileReference; lastKnownFileType = sourcecode.swift; path = KifExampleUITestsLaunchTests.swift; sourceTree = "<group>"; };
		09D03D532939CE8E0009C5F3 /* UISpec.swift */ = {isa = PBXFileReference; lastKnownFileType = sourcecode.swift; path = UISpec.swift; sourceTree = "<group>"; };
		09D03D582939D3140009C5F3 /* KIF+.swift */ = {isa = PBXFileReference; lastKnownFileType = sourcecode.swift; path = "KIF+.swift"; sourceTree = "<group>"; };
		09D03D5B2939E4B30009C5F3 /* KifExampleUITests-Bridging-Header.h */ = {isa = PBXFileReference; lastKnownFileType = sourcecode.c.h; path = "KifExampleUITests-Bridging-Header.h"; sourceTree = "<group>"; };
		160D1402E181D2D61A6F505E /* Pods-KifExample-KifExampleUITests.debug.xcconfig */ = {isa = PBXFileReference; includeInIndex = 1; lastKnownFileType = text.xcconfig; name = "Pods-KifExample-KifExampleUITests.debug.xcconfig"; path = "Target Support Files/Pods-KifExample-KifExampleUITests/Pods-KifExample-KifExampleUITests.debug.xcconfig"; sourceTree = "<group>"; };
		513790FB0D1CF8560DFBB40A /* Pods-KifExample.debug.xcconfig */ = {isa = PBXFileReference; includeInIndex = 1; lastKnownFileType = text.xcconfig; name = "Pods-KifExample.debug.xcconfig"; path = "Target Support Files/Pods-KifExample/Pods-KifExample.debug.xcconfig"; sourceTree = "<group>"; };
		54F0A1812A987613B3B98A13 /* Pods-KifExample-KifExampleUITests.release.xcconfig */ = {isa = PBXFileReference; includeInIndex = 1; lastKnownFileType = text.xcconfig; name = "Pods-KifExample-KifExampleUITests.release.xcconfig"; path = "Target Support Files/Pods-KifExample-KifExampleUITests/Pods-KifExample-KifExampleUITests.release.xcconfig"; sourceTree = "<group>"; };
		8B3A7810C25E69577A44E42A /* Pods_KifExampleTests.framework */ = {isa = PBXFileReference; explicitFileType = wrapper.framework; includeInIndex = 0; path = Pods_KifExampleTests.framework; sourceTree = BUILT_PRODUCTS_DIR; };
		93BC1162FEFEAC1E286203D4 /* Pods-KifExample.release.xcconfig */ = {isa = PBXFileReference; includeInIndex = 1; lastKnownFileType = text.xcconfig; name = "Pods-KifExample.release.xcconfig"; path = "Target Support Files/Pods-KifExample/Pods-KifExample.release.xcconfig"; sourceTree = "<group>"; };
		B56B012F5DB2A6254FD44463 /* Pods-KifExampleTests.release.xcconfig */ = {isa = PBXFileReference; includeInIndex = 1; lastKnownFileType = text.xcconfig; name = "Pods-KifExampleTests.release.xcconfig"; path = "Target Support Files/Pods-KifExampleTests/Pods-KifExampleTests.release.xcconfig"; sourceTree = "<group>"; };
		D2D1D00AD475F6396661A544 /* Pods_KifExample.framework */ = {isa = PBXFileReference; explicitFileType = wrapper.framework; includeInIndex = 0; path = Pods_KifExample.framework; sourceTree = BUILT_PRODUCTS_DIR; };
		D5B65EA8A16662ED5064A612 /* Pods_KifExample_KifExampleUITests.framework */ = {isa = PBXFileReference; explicitFileType = wrapper.framework; includeInIndex = 0; path = Pods_KifExample_KifExampleUITests.framework; sourceTree = BUILT_PRODUCTS_DIR; };
		E4EF5B957C76BAA8888B82F3 /* Pods-KifExampleTests.debug.xcconfig */ = {isa = PBXFileReference; includeInIndex = 1; lastKnownFileType = text.xcconfig; name = "Pods-KifExampleTests.debug.xcconfig"; path = "Target Support Files/Pods-KifExampleTests/Pods-KifExampleTests.debug.xcconfig"; sourceTree = "<group>"; };
/* End PBXFileReference section */

/* Begin PBXFrameworksBuildPhase section */
		09D03D232939C7890009C5F3 /* Frameworks */ = {
			isa = PBXFrameworksBuildPhase;
			buildActionMask = 2147483647;
			files = (
				8F025B99B5725E7EB873D564 /* Pods_KifExample.framework in Frameworks */,
			);
			runOnlyForDeploymentPostprocessing = 0;
		};
		09D03D332939C78C0009C5F3 /* Frameworks */ = {
			isa = PBXFrameworksBuildPhase;
			buildActionMask = 2147483647;
			files = (
				109FB5623B3FEA50E3F25F55 /* Pods_KifExampleTests.framework in Frameworks */,
			);
			runOnlyForDeploymentPostprocessing = 0;
		};
		09D03D3D2939C78C0009C5F3 /* Frameworks */ = {
			isa = PBXFrameworksBuildPhase;
			buildActionMask = 2147483647;
			files = (
				1613A25F0F78ECEE76B06FDD /* Pods_KifExample_KifExampleUITests.framework in Frameworks */,
			);
			runOnlyForDeploymentPostprocessing = 0;
		};
/* End PBXFrameworksBuildPhase section */

/* Begin PBXGroup section */
		09D03D1D2939C7890009C5F3 = {
			isa = PBXGroup;
			children = (
				09D03D282939C7890009C5F3 /* KifExample */,
				09D03D392939C78C0009C5F3 /* KifExampleTests */,
				09D03D432939C78C0009C5F3 /* KifExampleUITests */,
				09D03D272939C7890009C5F3 /* Products */,
				ED5FA02415FBBFC16175DB26 /* Pods */,
				7002B7199D22161AF325B767 /* Frameworks */,
			);
			sourceTree = "<group>";
		};
		09D03D272939C7890009C5F3 /* Products */ = {
			isa = PBXGroup;
			children = (
				09D03D262939C7890009C5F3 /* KifExample.app */,
				09D03D362939C78C0009C5F3 /* KifExampleTests.xctest */,
				09D03D402939C78C0009C5F3 /* KifExampleUITests.xctest */,
			);
			name = Products;
			sourceTree = "<group>";
		};
		09D03D282939C7890009C5F3 /* KifExample */ = {
			isa = PBXGroup;
			children = (
				09D03D292939C7890009C5F3 /* KifExampleApp.swift */,
				09D03D2B2939C7890009C5F3 /* ContentView.swift */,
				09D03D2D2939C78C0009C5F3 /* Assets.xcassets */,
				09D03D2F2939C78C0009C5F3 /* Preview Content */,
			);
			path = KifExample;
			sourceTree = "<group>";
		};
		09D03D2F2939C78C0009C5F3 /* Preview Content */ = {
			isa = PBXGroup;
			children = (
				09D03D302939C78C0009C5F3 /* Preview Assets.xcassets */,
			);
			path = "Preview Content";
			sourceTree = "<group>";
		};
		09D03D392939C78C0009C5F3 /* KifExampleTests */ = {
			isa = PBXGroup;
			children = (
				09D03D3A2939C78C0009C5F3 /* KifExampleTests.swift */,
			);
			path = KifExampleTests;
			sourceTree = "<group>";
		};
		09D03D432939C78C0009C5F3 /* KifExampleUITests */ = {
			isa = PBXGroup;
			children = (
				09D03D5B2939E4B30009C5F3 /* KifExampleUITests-Bridging-Header.h */,
				09D03D442939C78C0009C5F3 /* KifExampleUITests.swift */,
				09D03D532939CE8E0009C5F3 /* UISpec.swift */,
				09D03D462939C78C0009C5F3 /* KifExampleUITestsLaunchTests.swift */,
				09D03D582939D3140009C5F3 /* KIF+.swift */,
			);
			path = KifExampleUITests;
			sourceTree = "<group>";
		};
		7002B7199D22161AF325B767 /* Frameworks */ = {
			isa = PBXGroup;
			children = (
				D2D1D00AD475F6396661A544 /* Pods_KifExample.framework */,
				D5B65EA8A16662ED5064A612 /* Pods_KifExample_KifExampleUITests.framework */,
				8B3A7810C25E69577A44E42A /* Pods_KifExampleTests.framework */,
			);
			name = Frameworks;
			sourceTree = "<group>";
		};
		ED5FA02415FBBFC16175DB26 /* Pods */ = {
			isa = PBXGroup;
			children = (
				513790FB0D1CF8560DFBB40A /* Pods-KifExample.debug.xcconfig */,
				93BC1162FEFEAC1E286203D4 /* Pods-KifExample.release.xcconfig */,
				160D1402E181D2D61A6F505E /* Pods-KifExample-KifExampleUITests.debug.xcconfig */,
				54F0A1812A987613B3B98A13 /* Pods-KifExample-KifExampleUITests.release.xcconfig */,
				E4EF5B957C76BAA8888B82F3 /* Pods-KifExampleTests.debug.xcconfig */,
				B56B012F5DB2A6254FD44463 /* Pods-KifExampleTests.release.xcconfig */,
			);
			path = Pods;
			sourceTree = "<group>";
		};
/* End PBXGroup section */

/* Begin PBXNativeTarget section */
		09D03D252939C7890009C5F3 /* KifExample */ = {
			isa = PBXNativeTarget;
			buildConfigurationList = 09D03D4A2939C78C0009C5F3 /* Build configuration list for PBXNativeTarget "KifExample" */;
			buildPhases = (
				F1DBF8A3D296E9578FDECD21 /* [CP] Check Pods Manifest.lock */,
				09D03D222939C7890009C5F3 /* Sources */,
				09D03D232939C7890009C5F3 /* Frameworks */,
				09D03D242939C7890009C5F3 /* Resources */,
			);
			buildRules = (
			);
			dependencies = (
			);
			name = KifExample;
			productName = KifExample;
			productReference = 09D03D262939C7890009C5F3 /* KifExample.app */;
			productType = "com.apple.product-type.application";
		};
		09D03D352939C78C0009C5F3 /* KifExampleTests */ = {
			isa = PBXNativeTarget;
			buildConfigurationList = 09D03D4D2939C78C0009C5F3 /* Build configuration list for PBXNativeTarget "KifExampleTests" */;
			buildPhases = (
				00DD5BAD5859BD9D3A0A6910 /* [CP] Check Pods Manifest.lock */,
				09D03D322939C78C0009C5F3 /* Sources */,
				09D03D332939C78C0009C5F3 /* Frameworks */,
				09D03D342939C78C0009C5F3 /* Resources */,
				DB95973C4D220D5478B3E67A /* [CP] Embed Pods Frameworks */,
			);
			buildRules = (
			);
			dependencies = (
				09D03D382939C78C0009C5F3 /* PBXTargetDependency */,
			);
			name = KifExampleTests;
			productName = KifExampleTests;
			productReference = 09D03D362939C78C0009C5F3 /* KifExampleTests.xctest */;
			productType = "com.apple.product-type.bundle.unit-test";
		};
		09D03D3F2939C78C0009C5F3 /* KifExampleUITests */ = {
			isa = PBXNativeTarget;
			buildConfigurationList = 09D03D502939C78C0009C5F3 /* Build configuration list for PBXNativeTarget "KifExampleUITests" */;
			buildPhases = (
				2C70A699ABEA3B21E37417FF /* [CP] Check Pods Manifest.lock */,
				09D03D3C2939C78C0009C5F3 /* Sources */,
				09D03D3D2939C78C0009C5F3 /* Frameworks */,
				09D03D3E2939C78C0009C5F3 /* Resources */,
				7797D66B256474FCD77F9E22 /* [CP] Embed Pods Frameworks */,
			);
			buildRules = (
			);
			dependencies = (
				09D03D422939C78C0009C5F3 /* PBXTargetDependency */,
			);
			name = KifExampleUITests;
			productName = KifExampleUITests;
			productReference = 09D03D402939C78C0009C5F3 /* KifExampleUITests.xctest */;
			productType = "com.apple.product-type.bundle.ui-testing";
		};
/* End PBXNativeTarget section */

/* Begin PBXProject section */
		09D03D1E2939C7890009C5F3 /* Project object */ = {
			isa = PBXProject;
			attributes = {
				BuildIndependentTargetsInParallel = 1;
				LastSwiftUpdateCheck = 1340;
				LastUpgradeCheck = 1340;
				TargetAttributes = {
					09D03D252939C7890009C5F3 = {
						CreatedOnToolsVersion = 13.4.1;
					};
					09D03D352939C78C0009C5F3 = {
						CreatedOnToolsVersion = 13.4.1;
						TestTargetID = 09D03D252939C7890009C5F3;
					};
					09D03D3F2939C78C0009C5F3 = {
						CreatedOnToolsVersion = 13.4.1;
						LastSwiftMigration = 1340;
						TestTargetID = 09D03D252939C7890009C5F3;
					};
				};
			};
			buildConfigurationList = 09D03D212939C7890009C5F3 /* Build configuration list for PBXProject "KifExample" */;
			compatibilityVersion = "Xcode 13.0";
			developmentRegion = en;
			hasScannedForEncodings = 0;
			knownRegions = (
				en,
				Base,
			);
			mainGroup = 09D03D1D2939C7890009C5F3;
			productRefGroup = 09D03D272939C7890009C5F3 /* Products */;
			projectDirPath = "";
			projectRoot = "";
			targets = (
				09D03D252939C7890009C5F3 /* KifExample */,
				09D03D352939C78C0009C5F3 /* KifExampleTests */,
				09D03D3F2939C78C0009C5F3 /* KifExampleUITests */,
			);
		};
/* End PBXProject section */

/* Begin PBXResourcesBuildPhase section */
		09D03D242939C7890009C5F3 /* Resources */ = {
			isa = PBXResourcesBuildPhase;
			buildActionMask = 2147483647;
			files = (
				09D03D312939C78C0009C5F3 /* Preview Assets.xcassets in Resources */,
				09D03D2E2939C78C0009C5F3 /* Assets.xcassets in Resources */,
			);
			runOnlyForDeploymentPostprocessing = 0;
		};
		09D03D342939C78C0009C5F3 /* Resources */ = {
			isa = PBXResourcesBuildPhase;
			buildActionMask = 2147483647;
			files = (
			);
			runOnlyForDeploymentPostprocessing = 0;
		};
		09D03D3E2939C78C0009C5F3 /* Resources */ = {
			isa = PBXResourcesBuildPhase;
			buildActionMask = 2147483647;
			files = (
			);
			runOnlyForDeploymentPostprocessing = 0;
		};
/* End PBXResourcesBuildPhase section */

/* Begin PBXShellScriptBuildPhase section */
		00DD5BAD5859BD9D3A0A6910 /* [CP] Check Pods Manifest.lock */ = {
			isa = PBXShellScriptBuildPhase;
			buildActionMask = 2147483647;
			files = (
			);
			inputFileListPaths = (
			);
			inputPaths = (
				"${PODS_PODFILE_DIR_PATH}/Podfile.lock",
				"${PODS_ROOT}/Manifest.lock",
			);
			name = "[CP] Check Pods Manifest.lock";
			outputFileListPaths = (
			);
			outputPaths = (
				"$(DERIVED_FILE_DIR)/Pods-KifExampleTests-checkManifestLockResult.txt",
			);
			runOnlyForDeploymentPostprocessing = 0;
			shellPath = /bin/sh;
			shellScript = "diff \"${PODS_PODFILE_DIR_PATH}/Podfile.lock\" \"${PODS_ROOT}/Manifest.lock\" > /dev/null\nif [ $? != 0 ] ; then\n    # print error to STDERR\n    echo \"error: The sandbox is not in sync with the Podfile.lock. Run 'pod install' or update your CocoaPods installation.\" >&2\n    exit 1\nfi\n# This output is used by Xcode 'outputs' to avoid re-running this script phase.\necho \"SUCCESS\" > \"${SCRIPT_OUTPUT_FILE_0}\"\n";
			showEnvVarsInLog = 0;
		};
		2C70A699ABEA3B21E37417FF /* [CP] Check Pods Manifest.lock */ = {
			isa = PBXShellScriptBuildPhase;
			buildActionMask = 2147483647;
			files = (
			);
			inputFileListPaths = (
			);
			inputPaths = (
				"${PODS_PODFILE_DIR_PATH}/Podfile.lock",
				"${PODS_ROOT}/Manifest.lock",
			);
			name = "[CP] Check Pods Manifest.lock";
			outputFileListPaths = (
			);
			outputPaths = (
				"$(DERIVED_FILE_DIR)/Pods-KifExample-KifExampleUITests-checkManifestLockResult.txt",
			);
			runOnlyForDeploymentPostprocessing = 0;
			shellPath = /bin/sh;
			shellScript = "diff \"${PODS_PODFILE_DIR_PATH}/Podfile.lock\" \"${PODS_ROOT}/Manifest.lock\" > /dev/null\nif [ $? != 0 ] ; then\n    # print error to STDERR\n    echo \"error: The sandbox is not in sync with the Podfile.lock. Run 'pod install' or update your CocoaPods installation.\" >&2\n    exit 1\nfi\n# This output is used by Xcode 'outputs' to avoid re-running this script phase.\necho \"SUCCESS\" > \"${SCRIPT_OUTPUT_FILE_0}\"\n";
			showEnvVarsInLog = 0;
		};
		7797D66B256474FCD77F9E22 /* [CP] Embed Pods Frameworks */ = {
			isa = PBXShellScriptBuildPhase;
			buildActionMask = 2147483647;
			files = (
			);
			inputFileListPaths = (
				"${PODS_ROOT}/Target Support Files/Pods-KifExample-KifExampleUITests/Pods-KifExample-KifExampleUITests-frameworks-${CONFIGURATION}-input-files.xcfilelist",
			);
			name = "[CP] Embed Pods Frameworks";
			outputFileListPaths = (
				"${PODS_ROOT}/Target Support Files/Pods-KifExample-KifExampleUITests/Pods-KifExample-KifExampleUITests-frameworks-${CONFIGURATION}-output-files.xcfilelist",
			);
			runOnlyForDeploymentPostprocessing = 0;
			shellPath = /bin/sh;
			shellScript = "\"${PODS_ROOT}/Target Support Files/Pods-KifExample-KifExampleUITests/Pods-KifExample-KifExampleUITests-frameworks.sh\"\n";
			showEnvVarsInLog = 0;
		};
		DB95973C4D220D5478B3E67A /* [CP] Embed Pods Frameworks */ = {
			isa = PBXShellScriptBuildPhase;
			buildActionMask = 2147483647;
			files = (
			);
			inputFileListPaths = (
				"${PODS_ROOT}/Target Support Files/Pods-KifExampleTests/Pods-KifExampleTests-frameworks-${CONFIGURATION}-input-files.xcfilelist",
			);
			name = "[CP] Embed Pods Frameworks";
			outputFileListPaths = (
				"${PODS_ROOT}/Target Support Files/Pods-KifExampleTests/Pods-KifExampleTests-frameworks-${CONFIGURATION}-output-files.xcfilelist",
			);
			runOnlyForDeploymentPostprocessing = 0;
			shellPath = /bin/sh;
			shellScript = "\"${PODS_ROOT}/Target Support Files/Pods-KifExampleTests/Pods-KifExampleTests-frameworks.sh\"\n";
			showEnvVarsInLog = 0;
		};
		F1DBF8A3D296E9578FDECD21 /* [CP] Check Pods Manifest.lock */ = {
			isa = PBXShellScriptBuildPhase;
			buildActionMask = 2147483647;
			files = (
			);
			inputFileListPaths = (
			);
			inputPaths = (
				"${PODS_PODFILE_DIR_PATH}/Podfile.lock",
				"${PODS_ROOT}/Manifest.lock",
			);
			name = "[CP] Check Pods Manifest.lock";
			outputFileListPaths = (
			);
			outputPaths = (
				"$(DERIVED_FILE_DIR)/Pods-KifExample-checkManifestLockResult.txt",
			);
			runOnlyForDeploymentPostprocessing = 0;
			shellPath = /bin/sh;
			shellScript = "diff \"${PODS_PODFILE_DIR_PATH}/Podfile.lock\" \"${PODS_ROOT}/Manifest.lock\" > /dev/null\nif [ $? != 0 ] ; then\n    # print error to STDERR\n    echo \"error: The sandbox is not in sync with the Podfile.lock. Run 'pod install' or update your CocoaPods installation.\" >&2\n    exit 1\nfi\n# This output is used by Xcode 'outputs' to avoid re-running this script phase.\necho \"SUCCESS\" > \"${SCRIPT_OUTPUT_FILE_0}\"\n";
			showEnvVarsInLog = 0;
		};
/* End PBXShellScriptBuildPhase section */

/* Begin PBXSourcesBuildPhase section */
		09D03D222939C7890009C5F3 /* Sources */ = {
			isa = PBXSourcesBuildPhase;
			buildActionMask = 2147483647;
			files = (
				09D03D2C2939C7890009C5F3 /* ContentView.swift in Sources */,
				09D03D2A2939C7890009C5F3 /* KifExampleApp.swift in Sources */,
			);
			runOnlyForDeploymentPostprocessing = 0;
		};
		09D03D322939C78C0009C5F3 /* Sources */ = {
			isa = PBXSourcesBuildPhase;
			buildActionMask = 2147483647;
			files = (
				09D03D5A2939D35B0009C5F3 /* KIF+.swift in Sources */,
				09D03D3B2939C78C0009C5F3 /* KifExampleTests.swift in Sources */,
			);
			runOnlyForDeploymentPostprocessing = 0;
		};
		09D03D3C2939C78C0009C5F3 /* Sources */ = {
			isa = PBXSourcesBuildPhase;
			buildActionMask = 2147483647;
			files = (
				09D03D542939CE8E0009C5F3 /* UISpec.swift in Sources */,
				09D03D472939C78C0009C5F3 /* KifExampleUITestsLaunchTests.swift in Sources */,
				09D03D592939D3140009C5F3 /* KIF+.swift in Sources */,
				09D03D452939C78C0009C5F3 /* KifExampleUITests.swift in Sources */,
			);
			runOnlyForDeploymentPostprocessing = 0;
		};
/* End PBXSourcesBuildPhase section */

/* Begin PBXTargetDependency section */
		09D03D382939C78C0009C5F3 /* PBXTargetDependency */ = {
			isa = PBXTargetDependency;
			target = 09D03D252939C7890009C5F3 /* KifExample */;
			targetProxy = 09D03D372939C78C0009C5F3 /* PBXContainerItemProxy */;
		};
		09D03D422939C78C0009C5F3 /* PBXTargetDependency */ = {
			isa = PBXTargetDependency;
			target = 09D03D252939C7890009C5F3 /* KifExample */;
			targetProxy = 09D03D412939C78C0009C5F3 /* PBXContainerItemProxy */;
		};
/* End PBXTargetDependency section */

/* Begin XCBuildConfiguration section */
		09D03D482939C78C0009C5F3 /* Debug */ = {
			isa = XCBuildConfiguration;
			buildSettings = {
				ALWAYS_SEARCH_USER_PATHS = NO;
				CLANG_ANALYZER_NONNULL = YES;
				CLANG_ANALYZER_NUMBER_OBJECT_CONVERSION = YES_AGGRESSIVE;
				CLANG_CXX_LANGUAGE_STANDARD = "gnu++17";
				CLANG_ENABLE_MODULES = YES;
				CLANG_ENABLE_OBJC_ARC = YES;
				CLANG_ENABLE_OBJC_WEAK = YES;
				CLANG_WARN_BLOCK_CAPTURE_AUTORELEASING = YES;
				CLANG_WARN_BOOL_CONVERSION = YES;
				CLANG_WARN_COMMA = YES;
				CLANG_WARN_CONSTANT_CONVERSION = YES;
				CLANG_WARN_DEPRECATED_OBJC_IMPLEMENTATIONS = YES;
				CLANG_WARN_DIRECT_OBJC_ISA_USAGE = YES_ERROR;
				CLANG_WARN_DOCUMENTATION_COMMENTS = YES;
				CLANG_WARN_EMPTY_BODY = YES;
				CLANG_WARN_ENUM_CONVERSION = YES;
				CLANG_WARN_INFINITE_RECURSION = YES;
				CLANG_WARN_INT_CONVERSION = YES;
				CLANG_WARN_NON_LITERAL_NULL_CONVERSION = YES;
				CLANG_WARN_OBJC_IMPLICIT_RETAIN_SELF = YES;
				CLANG_WARN_OBJC_LITERAL_CONVERSION = YES;
				CLANG_WARN_OBJC_ROOT_CLASS = YES_ERROR;
				CLANG_WARN_QUOTED_INCLUDE_IN_FRAMEWORK_HEADER = YES;
				CLANG_WARN_RANGE_LOOP_ANALYSIS = YES;
				CLANG_WARN_STRICT_PROTOTYPES = YES;
				CLANG_WARN_SUSPICIOUS_MOVE = YES;
				CLANG_WARN_UNGUARDED_AVAILABILITY = YES_AGGRESSIVE;
				CLANG_WARN_UNREACHABLE_CODE = YES;
				CLANG_WARN__DUPLICATE_METHOD_MATCH = YES;
				COPY_PHASE_STRIP = NO;
				DEBUG_INFORMATION_FORMAT = dwarf;
				ENABLE_STRICT_OBJC_MSGSEND = YES;
				ENABLE_TESTABILITY = YES;
				GCC_C_LANGUAGE_STANDARD = gnu11;
				GCC_DYNAMIC_NO_PIC = NO;
				GCC_NO_COMMON_BLOCKS = YES;
				GCC_OPTIMIZATION_LEVEL = 0;
				GCC_PREPROCESSOR_DEFINITIONS = (
					"DEBUG=1",
					"$(inherited)",
				);
				GCC_WARN_64_TO_32_BIT_CONVERSION = YES;
				GCC_WARN_ABOUT_RETURN_TYPE = YES_ERROR;
				GCC_WARN_UNDECLARED_SELECTOR = YES;
				GCC_WARN_UNINITIALIZED_AUTOS = YES_AGGRESSIVE;
				GCC_WARN_UNUSED_FUNCTION = YES;
				GCC_WARN_UNUSED_VARIABLE = YES;
				IPHONEOS_DEPLOYMENT_TARGET = 15.5;
				MTL_ENABLE_DEBUG_INFO = INCLUDE_SOURCE;
				MTL_FAST_MATH = YES;
				ONLY_ACTIVE_ARCH = YES;
				SDKROOT = iphoneos;
				SWIFT_ACTIVE_COMPILATION_CONDITIONS = DEBUG;
				SWIFT_OPTIMIZATION_LEVEL = "-Onone";
			};
			name = Debug;
		};
		09D03D492939C78C0009C5F3 /* Release */ = {
			isa = XCBuildConfiguration;
			buildSettings = {
				ALWAYS_SEARCH_USER_PATHS = NO;
				CLANG_ANALYZER_NONNULL = YES;
				CLANG_ANALYZER_NUMBER_OBJECT_CONVERSION = YES_AGGRESSIVE;
				CLANG_CXX_LANGUAGE_STANDARD = "gnu++17";
				CLANG_ENABLE_MODULES = YES;
				CLANG_ENABLE_OBJC_ARC = YES;
				CLANG_ENABLE_OBJC_WEAK = YES;
				CLANG_WARN_BLOCK_CAPTURE_AUTORELEASING = YES;
				CLANG_WARN_BOOL_CONVERSION = YES;
				CLANG_WARN_COMMA = YES;
				CLANG_WARN_CONSTANT_CONVERSION = YES;
				CLANG_WARN_DEPRECATED_OBJC_IMPLEMENTATIONS = YES;
				CLANG_WARN_DIRECT_OBJC_ISA_USAGE = YES_ERROR;
				CLANG_WARN_DOCUMENTATION_COMMENTS = YES;
				CLANG_WARN_EMPTY_BODY = YES;
				CLANG_WARN_ENUM_CONVERSION = YES;
				CLANG_WARN_INFINITE_RECURSION = YES;
				CLANG_WARN_INT_CONVERSION = YES;
				CLANG_WARN_NON_LITERAL_NULL_CONVERSION = YES;
				CLANG_WARN_OBJC_IMPLICIT_RETAIN_SELF = YES;
				CLANG_WARN_OBJC_LITERAL_CONVERSION = YES;
				CLANG_WARN_OBJC_ROOT_CLASS = YES_ERROR;
				CLANG_WARN_QUOTED_INCLUDE_IN_FRAMEWORK_HEADER = YES;
				CLANG_WARN_RANGE_LOOP_ANALYSIS = YES;
				CLANG_WARN_STRICT_PROTOTYPES = YES;
				CLANG_WARN_SUSPICIOUS_MOVE = YES;
				CLANG_WARN_UNGUARDED_AVAILABILITY = YES_AGGRESSIVE;
				CLANG_WARN_UNREACHABLE_CODE = YES;
				CLANG_WARN__DUPLICATE_METHOD_MATCH = YES;
				COPY_PHASE_STRIP = NO;
				DEBUG_INFORMATION_FORMAT = "dwarf-with-dsym";
				ENABLE_NS_ASSERTIONS = NO;
				ENABLE_STRICT_OBJC_MSGSEND = YES;
				GCC_C_LANGUAGE_STANDARD = gnu11;
				GCC_NO_COMMON_BLOCKS = YES;
				GCC_WARN_64_TO_32_BIT_CONVERSION = YES;
				GCC_WARN_ABOUT_RETURN_TYPE = YES_ERROR;
				GCC_WARN_UNDECLARED_SELECTOR = YES;
				GCC_WARN_UNINITIALIZED_AUTOS = YES_AGGRESSIVE;
				GCC_WARN_UNUSED_FUNCTION = YES;
				GCC_WARN_UNUSED_VARIABLE = YES;
				IPHONEOS_DEPLOYMENT_TARGET = 15.5;
				MTL_ENABLE_DEBUG_INFO = NO;
				MTL_FAST_MATH = YES;
				SDKROOT = iphoneos;
				SWIFT_COMPILATION_MODE = wholemodule;
				SWIFT_OPTIMIZATION_LEVEL = "-O";
				VALIDATE_PRODUCT = YES;
			};
			name = Release;
		};
		09D03D4B2939C78C0009C5F3 /* Debug */ = {
			isa = XCBuildConfiguration;
			baseConfigurationReference = 513790FB0D1CF8560DFBB40A /* Pods-KifExample.debug.xcconfig */;
			buildSettings = {
				ASSETCATALOG_COMPILER_APPICON_NAME = AppIcon;
				ASSETCATALOG_COMPILER_GLOBAL_ACCENT_COLOR_NAME = AccentColor;
				CODE_SIGN_STYLE = Automatic;
				CURRENT_PROJECT_VERSION = 1;
				DEVELOPMENT_ASSET_PATHS = "\"KifExample/Preview Content\"";
				ENABLE_PREVIEWS = YES;
				GENERATE_INFOPLIST_FILE = YES;
				INFOPLIST_KEY_UIApplicationSceneManifest_Generation = YES;
				INFOPLIST_KEY_UIApplicationSupportsIndirectInputEvents = YES;
				INFOPLIST_KEY_UILaunchScreen_Generation = YES;
				INFOPLIST_KEY_UISupportedInterfaceOrientations_iPad = "UIInterfaceOrientationPortrait UIInterfaceOrientationPortraitUpsideDown UIInterfaceOrientationLandscapeLeft UIInterfaceOrientationLandscapeRight";
				INFOPLIST_KEY_UISupportedInterfaceOrientations_iPhone = "UIInterfaceOrientationPortrait UIInterfaceOrientationLandscapeLeft UIInterfaceOrientationLandscapeRight";
				IPHONEOS_DEPLOYMENT_TARGET = 14.0;
				LD_RUNPATH_SEARCH_PATHS = (
					"$(inherited)",
					"@executable_path/Frameworks",
				);
				MARKETING_VERSION = 1.0;
				PRODUCT_BUNDLE_IDENTIFIER = co.nimblehq.KifExample;
				PRODUCT_NAME = "$(TARGET_NAME)";
				SWIFT_EMIT_LOC_STRINGS = YES;
				SWIFT_VERSION = 5.0;
				TARGETED_DEVICE_FAMILY = "1,2";
			};
			name = Debug;
		};
		09D03D4C2939C78C0009C5F3 /* Release */ = {
			isa = XCBuildConfiguration;
			baseConfigurationReference = 93BC1162FEFEAC1E286203D4 /* Pods-KifExample.release.xcconfig */;
			buildSettings = {
				ASSETCATALOG_COMPILER_APPICON_NAME = AppIcon;
				ASSETCATALOG_COMPILER_GLOBAL_ACCENT_COLOR_NAME = AccentColor;
				CODE_SIGN_STYLE = Automatic;
				CURRENT_PROJECT_VERSION = 1;
				DEVELOPMENT_ASSET_PATHS = "\"KifExample/Preview Content\"";
				ENABLE_PREVIEWS = YES;
				GENERATE_INFOPLIST_FILE = YES;
				INFOPLIST_KEY_UIApplicationSceneManifest_Generation = YES;
				INFOPLIST_KEY_UIApplicationSupportsIndirectInputEvents = YES;
				INFOPLIST_KEY_UILaunchScreen_Generation = YES;
				INFOPLIST_KEY_UISupportedInterfaceOrientations_iPad = "UIInterfaceOrientationPortrait UIInterfaceOrientationPortraitUpsideDown UIInterfaceOrientationLandscapeLeft UIInterfaceOrientationLandscapeRight";
				INFOPLIST_KEY_UISupportedInterfaceOrientations_iPhone = "UIInterfaceOrientationPortrait UIInterfaceOrientationLandscapeLeft UIInterfaceOrientationLandscapeRight";
				IPHONEOS_DEPLOYMENT_TARGET = 14.0;
				LD_RUNPATH_SEARCH_PATHS = (
					"$(inherited)",
					"@executable_path/Frameworks",
				);
				MARKETING_VERSION = 1.0;
				PRODUCT_BUNDLE_IDENTIFIER = co.nimblehq.KifExample;
				PRODUCT_NAME = "$(TARGET_NAME)";
				SWIFT_EMIT_LOC_STRINGS = YES;
				SWIFT_VERSION = 5.0;
				TARGETED_DEVICE_FAMILY = "1,2";
			};
			name = Release;
		};
		09D03D4E2939C78C0009C5F3 /* Debug */ = {
			isa = XCBuildConfiguration;
			baseConfigurationReference = E4EF5B957C76BAA8888B82F3 /* Pods-KifExampleTests.debug.xcconfig */;
			buildSettings = {
				ALWAYS_EMBED_SWIFT_STANDARD_LIBRARIES = YES;
				BUNDLE_LOADER = "$(TEST_HOST)";
				CODE_SIGN_STYLE = Automatic;
				CURRENT_PROJECT_VERSION = 1;
				GENERATE_INFOPLIST_FILE = YES;
				IPHONEOS_DEPLOYMENT_TARGET = 15.5;
				MARKETING_VERSION = 1.0;
				PRODUCT_BUNDLE_IDENTIFIER = co.nimblehq.KifExampleTests;
				PRODUCT_NAME = "$(TARGET_NAME)";
				SWIFT_EMIT_LOC_STRINGS = NO;
				SWIFT_VERSION = 5.0;
				TARGETED_DEVICE_FAMILY = "1,2";
				TEST_HOST = "$(BUILT_PRODUCTS_DIR)/KifExample.app/KifExample";
			};
			name = Debug;
		};
		09D03D4F2939C78C0009C5F3 /* Release */ = {
			isa = XCBuildConfiguration;
			baseConfigurationReference = B56B012F5DB2A6254FD44463 /* Pods-KifExampleTests.release.xcconfig */;
			buildSettings = {
				ALWAYS_EMBED_SWIFT_STANDARD_LIBRARIES = YES;
				BUNDLE_LOADER = "$(TEST_HOST)";
				CODE_SIGN_STYLE = Automatic;
				CURRENT_PROJECT_VERSION = 1;
				GENERATE_INFOPLIST_FILE = YES;
				IPHONEOS_DEPLOYMENT_TARGET = 15.5;
				MARKETING_VERSION = 1.0;
				PRODUCT_BUNDLE_IDENTIFIER = co.nimblehq.KifExampleTests;
				PRODUCT_NAME = "$(TARGET_NAME)";
				SWIFT_EMIT_LOC_STRINGS = NO;
				SWIFT_VERSION = 5.0;
				TARGETED_DEVICE_FAMILY = "1,2";
				TEST_HOST = "$(BUILT_PRODUCTS_DIR)/KifExample.app/KifExample";
			};
			name = Release;
		};
		09D03D512939C78C0009C5F3 /* Debug */ = {
			isa = XCBuildConfiguration;
			baseConfigurationReference = 160D1402E181D2D61A6F505E /* Pods-KifExample-KifExampleUITests.debug.xcconfig */;
			buildSettings = {
				ALWAYS_EMBED_SWIFT_STANDARD_LIBRARIES = YES;
				CLANG_ENABLE_MODULES = YES;
				CODE_SIGN_STYLE = Automatic;
				CURRENT_PROJECT_VERSION = 1;
				GENERATE_INFOPLIST_FILE = YES;
				LD_RUNPATH_SEARCH_PATHS = (
					"$(inherited)",
					"@executable_path/Frameworks",
					"@loader_path/Frameworks",
				);
				MARKETING_VERSION = 1.0;
				PRODUCT_BUNDLE_IDENTIFIER = co.nimblehq.KifExampleUITests;
				PRODUCT_NAME = "$(TARGET_NAME)";
				SWIFT_EMIT_LOC_STRINGS = NO;
				SWIFT_OBJC_BRIDGING_HEADER = "KifExampleUITests/KifExampleUITests-Bridging-Header.h";
				SWIFT_OPTIMIZATION_LEVEL = "-Onone";
				SWIFT_VERSION = 5.0;
				TARGETED_DEVICE_FAMILY = "1,2";
				TEST_TARGET_NAME = KifExample;
			};
			name = Debug;
		};
		09D03D522939C78C0009C5F3 /* Release */ = {
			isa = XCBuildConfiguration;
			baseConfigurationReference = 54F0A1812A987613B3B98A13 /* Pods-KifExample-KifExampleUITests.release.xcconfig */;
			buildSettings = {
				ALWAYS_EMBED_SWIFT_STANDARD_LIBRARIES = YES;
				CLANG_ENABLE_MODULES = YES;
				CODE_SIGN_STYLE = Automatic;
				CURRENT_PROJECT_VERSION = 1;
				GENERATE_INFOPLIST_FILE = YES;
				LD_RUNPATH_SEARCH_PATHS = (
					"$(inherited)",
					"@executable_path/Frameworks",
					"@loader_path/Frameworks",
				);
				MARKETING_VERSION = 1.0;
				PRODUCT_BUNDLE_IDENTIFIER = co.nimblehq.KifExampleUITests;
				PRODUCT_NAME = "$(TARGET_NAME)";
				SWIFT_EMIT_LOC_STRINGS = NO;
				SWIFT_OBJC_BRIDGING_HEADER = "KifExampleUITests/KifExampleUITests-Bridging-Header.h";
				SWIFT_VERSION = 5.0;
				TARGETED_DEVICE_FAMILY = "1,2";
				TEST_TARGET_NAME = KifExample;
			};
			name = Release;
		};
/* End XCBuildConfiguration section */

/* Begin XCConfigurationList section */
		09D03D212939C7890009C5F3 /* Build configuration list for PBXProject "KifExample" */ = {
			isa = XCConfigurationList;
			buildConfigurations = (
				09D03D482939C78C0009C5F3 /* Debug */,
				09D03D492939C78C0009C5F3 /* Release */,
			);
			defaultConfigurationIsVisible = 0;
			defaultConfigurationName = Release;
		};
		09D03D4A2939C78C0009C5F3 /* Build configuration list for PBXNativeTarget "KifExample" */ = {
			isa = XCConfigurationList;
			buildConfigurations = (
				09D03D4B2939C78C0009C5F3 /* Debug */,
				09D03D4C2939C78C0009C5F3 /* Release */,
			);
			defaultConfigurationIsVisible = 0;
			defaultConfigurationName = Release;
		};
		09D03D4D2939C78C0009C5F3 /* Build configuration list for PBXNativeTarget "KifExampleTests" */ = {
			isa = XCConfigurationList;
			buildConfigurations = (
				09D03D4E2939C78C0009C5F3 /* Debug */,
				09D03D4F2939C78C0009C5F3 /* Release */,
			);
			defaultConfigurationIsVisible = 0;
			defaultConfigurationName = Release;
		};
		09D03D502939C78C0009C5F3 /* Build configuration list for PBXNativeTarget "KifExampleUITests" */ = {
			isa = XCConfigurationList;
			buildConfigurations = (
				09D03D512939C78C0009C5F3 /* Debug */,
				09D03D522939C78C0009C5F3 /* Release */,
			);
			defaultConfigurationIsVisible = 0;
			defaultConfigurationName = Release;
		};
/* End XCConfigurationList section */
	};
	rootObject = 09D03D1E2939C7890009C5F3 /* Project object */;
}
